// !$*UTF8*$!
{
	archiveVersion = 1;
	classes = {
	};
	objectVersion = 55;
	objects = {

/* Begin PBXBuildFile section */
		7D6EB794282EAD5400EDBB45 /* newfile.swift in Sources */ = {isa = PBXBuildFile; fileRef = 7D6EB793282EAD5400EDBB45 /* newfile.swift */; };
		7DB25B8E282E649B0054589D /* CessnaApp.swift in Sources */ = {isa = PBXBuildFile; fileRef = 7DB25B8D282E649B0054589D /* CessnaApp.swift */; };
		7DB25B90282E649B0054589D /* MainView.swift in Sources */ = {isa = PBXBuildFile; fileRef = 7DB25B8F282E649B0054589D /* MainView.swift */; };
		7DB25B92282E649E0054589D /* Assets.xcassets in Resources */ = {isa = PBXBuildFile; fileRef = 7DB25B91282E649E0054589D /* Assets.xcassets */; };
		7DB25B95282E649E0054589D /* Preview Assets.xcassets in Resources */ = {isa = PBXBuildFile; fileRef = 7DB25B94282E649E0054589D /* Preview Assets.xcassets */; };
		7DB25BA0282E67500054589D /* CessnaData.json in Resources */ = {isa = PBXBuildFile; fileRef = 7DB25B9F282E67500054589D /* CessnaData.json */; };
		7DB25BA2282E6CDB0054589D /* Cessna.swift in Sources */ = {isa = PBXBuildFile; fileRef = 7DB25BA1282E6CDB0054589D /* Cessna.swift */; };
		7DB25BA5282E70C40054589D /* CessnaModel.swift in Sources */ = {isa = PBXBuildFile; fileRef = 7DB25BA4282E70C40054589D /* CessnaModel.swift */; };
		7DB25BA7282E71330054589D /* Parsing.swift in Sources */ = {isa = PBXBuildFile; fileRef = 7DB25BA6282E71330054589D /* Parsing.swift */; };
		7DB25BAB282E817C0054589D /* CessnaView.swift in Sources */ = {isa = PBXBuildFile; fileRef = 7DB25BAA282E817C0054589D /* CessnaView.swift */; };
/* End PBXBuildFile section */

/* Begin PBXFileReference section */
		7D6EB792282E9A7200EDBB45 /* Info.plist */ = {isa = PBXFileReference; lastKnownFileType = text.plist; path = Info.plist; sourceTree = "<group>"; };
		7D6EB793282EAD5400EDBB45 /* newfile.swift */ = {isa = PBXFileReference; lastKnownFileType = sourcecode.swift; path = newfile.swift; sourceTree = "<group>"; };
		7DB25B8A282E649B0054589D /* Cessna.app */ = {isa = PBXFileReference; explicitFileType = wrapper.application; includeInIndex = 0; path = Cessna.app; sourceTree = BUILT_PRODUCTS_DIR; };
		7DB25B8D282E649B0054589D /* CessnaApp.swift */ = {isa = PBXFileReference; lastKnownFileType = sourcecode.swift; path = CessnaApp.swift; sourceTree = "<group>"; };
		7DB25B8F282E649B0054589D /* MainView.swift */ = {isa = PBXFileReference; lastKnownFileType = sourcecode.swift; path = MainView.swift; sourceTree = "<group>"; };
		7DB25B91282E649E0054589D /* Assets.xcassets */ = {isa = PBXFileReference; lastKnownFileType = folder.assetcatalog; path = Assets.xcassets; sourceTree = "<group>"; };
		7DB25B94282E649E0054589D /* Preview Assets.xcassets */ = {isa = PBXFileReference; lastKnownFileType = folder.assetcatalog; path = "Preview Assets.xcassets"; sourceTree = "<group>"; };
		7DB25B9F282E67500054589D /* CessnaData.json */ = {isa = PBXFileReference; lastKnownFileType = text.json; path = CessnaData.json; sourceTree = "<group>"; };
		7DB25BA1282E6CDB0054589D /* Cessna.swift */ = {isa = PBXFileReference; lastKnownFileType = sourcecode.swift; path = Cessna.swift; sourceTree = "<group>"; };
		7DB25BA4282E70C40054589D /* CessnaModel.swift */ = {isa = PBXFileReference; lastKnownFileType = sourcecode.swift; path = CessnaModel.swift; sourceTree = "<group>"; };
		7DB25BA6282E71330054589D /* Parsing.swift */ = {isa = PBXFileReference; lastKnownFileType = sourcecode.swift; path = Parsing.swift; sourceTree = "<group>"; };
		7DB25BAA282E817C0054589D /* CessnaView.swift */ = {isa = PBXFileReference; lastKnownFileType = sourcecode.swift; path = CessnaView.swift; sourceTree = "<group>"; };
/* End PBXFileReference section */

/* Begin PBXFrameworksBuildPhase section */
		7DB25B87282E649B0054589D /* Frameworks */ = {
			isa = PBXFrameworksBuildPhase;
			buildActionMask = 2147483647;
			files = (
			);
			runOnlyForDeploymentPostprocessing = 0;
		};
/* End PBXFrameworksBuildPhase section */

/* Begin PBXGroup section */
		7DB25B81282E649B0054589D = {
			isa = PBXGroup;
			children = (
				7DB25B8C282E649B0054589D /* Cessna */,
				7DB25B8B282E649B0054589D /* Products */,
			);
			sourceTree = "<group>";
		};
		7DB25B8B282E649B0054589D /* Products */ = {
			isa = PBXGroup;
			children = (
				7DB25B8A282E649B0054589D /* Cessna.app */,
			);
			name = Products;
			sourceTree = "<group>";
		};
		7DB25B8C282E649B0054589D /* Cessna */ = {
			isa = PBXGroup;
			children = (
				7D6EB792282E9A7200EDBB45 /* Info.plist */,
				7DB25B8D282E649B0054589D /* CessnaApp.swift */,
				7DB25B9E282E65EA0054589D /* Views */,
				7DB25B9D282E65E00054589D /* ViewModels */,
				7DB25B9C282E65D70054589D /* Models */,
				7DB25B9B282E65CC0054589D /* Data */,
				7DB25BA3282E70790054589D /* Services */,
				7DB25B91282E649E0054589D /* Assets.xcassets */,
				7DB25B93282E649E0054589D /* Preview Content */,
			);
			path = Cessna;
			sourceTree = "<group>";
		};
		7DB25B93282E649E0054589D /* Preview Content */ = {
			isa = PBXGroup;
			children = (
				7DB25B94282E649E0054589D /* Preview Assets.xcassets */,
			);
			path = "Preview Content";
			sourceTree = "<group>";
		};
		7DB25B9B282E65CC0054589D /* Data */ = {
			isa = PBXGroup;
			children = (
				7DB25B9F282E67500054589D /* CessnaData.json */,
			);
			path = Data;
			sourceTree = "<group>";
		};
		7DB25B9C282E65D70054589D /* Models */ = {
			isa = PBXGroup;
			children = (
				7DB25BA1282E6CDB0054589D /* Cessna.swift */,
			);
			path = Models;
			sourceTree = "<group>";
		};
		7DB25B9D282E65E00054589D /* ViewModels */ = {
			isa = PBXGroup;
			children = (
				7DB25BA4282E70C40054589D /* CessnaModel.swift */,
			);
			path = ViewModels;
			sourceTree = "<group>";
		};
		7DB25B9E282E65EA0054589D /* Views */ = {
			isa = PBXGroup;
			children = (
				7DB25B8F282E649B0054589D /* MainView.swift */,
				7DB25BAA282E817C0054589D /* CessnaView.swift */,
			);
			path = Views;
			sourceTree = "<group>";
		};
		7DB25BA3282E70790054589D /* Services */ = {
			isa = PBXGroup;
			children = (
				7D6EB793282EAD5400EDBB45 /* newfile.swift */,
				7DB25BA6282E71330054589D /* Parsing.swift */,
			);
			path = Services;
			sourceTree = "<group>";
		};
/* End PBXGroup section */

/* Begin PBXNativeTarget section */
		7DB25B89282E649B0054589D /* Cessna */ = {
			isa = PBXNativeTarget;
			buildConfigurationList = 7DB25B98282E649E0054589D /* Build configuration list for PBXNativeTarget "Cessna" */;
			buildPhases = (
				7DB25B86282E649B0054589D /* Sources */,
				7DB25B87282E649B0054589D /* Frameworks */,
				7DB25B88282E649B0054589D /* Resources */,
			);
			buildRules = (
			);
			dependencies = (
			);
			name = Cessna;
			productName = Cessna;
			productReference = 7DB25B8A282E649B0054589D /* Cessna.app */;
			productType = "com.apple.product-type.application";
		};
/* End PBXNativeTarget section */

/* Begin PBXProject section */
		7DB25B82282E649B0054589D /* Project object */ = {
			isa = PBXProject;
			attributes = {
				BuildIndependentTargetsInParallel = 1;
				LastSwiftUpdateCheck = 1330;
				LastUpgradeCheck = 1330;
				TargetAttributes = {
					7DB25B89282E649B0054589D = {
						CreatedOnToolsVersion = 13.3.1;
					};
				};
			};
			buildConfigurationList = 7DB25B85282E649B0054589D /* Build configuration list for PBXProject "Cessna" */;
			compatibilityVersion = "Xcode 13.0";
			developmentRegion = en;
			hasScannedForEncodings = 0;
			knownRegions = (
				en,
				Base,
			);
			mainGroup = 7DB25B81282E649B0054589D;
			productRefGroup = 7DB25B8B282E649B0054589D /* Products */;
			projectDirPath = "";
			projectRoot = "";
			targets = (
				7DB25B89282E649B0054589D /* Cessna */,
			);
		};
/* End PBXProject section */

/* Begin PBXResourcesBuildPhase section */
		7DB25B88282E649B0054589D /* Resources */ = {
			isa = PBXResourcesBuildPhase;
			buildActionMask = 2147483647;
			files = (
				7DB25B95282E649E0054589D /* Preview Assets.xcassets in Resources */,
				7DB25BA0282E67500054589D /* CessnaData.json in Resources */,
				7DB25B92282E649E0054589D /* Assets.xcassets in Resources */,
			);
			runOnlyForDeploymentPostprocessing = 0;
		};
/* End PBXResourcesBuildPhase section */

/* Begin PBXSourcesBuildPhase section */
		7DB25B86282E649B0054589D /* Sources */ = {
			isa = PBXSourcesBuildPhase;
			buildActionMask = 2147483647;
			files = (
				7DB25BA2282E6CDB0054589D /* Cessna.swift in Sources */,
				7DB25BA7282E71330054589D /* Parsing.swift in Sources */,
				7DB25B90282E649B0054589D /* MainView.swift in Sources */,
				7DB25BAB282E817C0054589D /* CessnaView.swift in Sources */,
				7DB25BA5282E70C40054589D /* CessnaModel.swift in Sources */,
				7D6EB794282EAD5400EDBB45 /* newfile.swift in Sources */,
				7DB25B8E282E649B0054589D /* CessnaApp.swift in Sources */,
			);
			runOnlyForDeploymentPostprocessing = 0;
		};
/* End PBXSourcesBuildPhase section */

/* Begin XCBuildConfiguration section */
		7DB25B96282E649E0054589D /* Debug */ = {
			isa = XCBuildConfiguration;
			buildSettings = {
				ALWAYS_SEARCH_USER_PATHS = NO;
				CLANG_ANALYZER_NONNULL = YES;
				CLANG_ANALYZER_NUMBER_OBJECT_CONVERSION = YES_AGGRESSIVE;
				CLANG_CXX_LANGUAGE_STANDARD = "gnu++17";
				CLANG_ENABLE_MODULES = YES;
				CLANG_ENABLE_OBJC_ARC = YES;
				CLANG_ENABLE_OBJC_WEAK = YES;
				CLANG_WARN_BLOCK_CAPTURE_AUTORELEASING = YES;
				CLANG_WARN_BOOL_CONVERSION = YES;
				CLANG_WARN_COMMA = YES;
				CLANG_WARN_CONSTANT_CONVERSION = YES;
				CLANG_WARN_DEPRECATED_OBJC_IMPLEMENTATIONS = YES;
				CLANG_WARN_DIRECT_OBJC_ISA_USAGE = YES_ERROR;
				CLANG_WARN_DOCUMENTATION_COMMENTS = YES;
				CLANG_WARN_EMPTY_BODY = YES;
				CLANG_WARN_ENUM_CONVERSION = YES;
				CLANG_WARN_INFINITE_RECURSION = YES;
				CLANG_WARN_INT_CONVERSION = YES;
				CLANG_WARN_NON_LITERAL_NULL_CONVERSION = YES;
				CLANG_WARN_OBJC_IMPLICIT_RETAIN_SELF = YES;
				CLANG_WARN_OBJC_LITERAL_CONVERSION = YES;
				CLANG_WARN_OBJC_ROOT_CLASS = YES_ERROR;
				CLANG_WARN_QUOTED_INCLUDE_IN_FRAMEWORK_HEADER = YES;
				CLANG_WARN_RANGE_LOOP_ANALYSIS = YES;
				CLANG_WARN_STRICT_PROTOTYPES = YES;
				CLANG_WARN_SUSPICIOUS_MOVE = YES;
				CLANG_WARN_UNGUARDED_AVAILABILITY = YES_AGGRESSIVE;
				CLANG_WARN_UNREACHABLE_CODE = YES;
				CLANG_WARN__DUPLICATE_METHOD_MATCH = YES;
				COPY_PHASE_STRIP = NO;
				DEBUG_INFORMATION_FORMAT = dwarf;
				ENABLE_STRICT_OBJC_MSGSEND = YES;
				ENABLE_TESTABILITY = YES;
				GCC_C_LANGUAGE_STANDARD = gnu11;
				GCC_DYNAMIC_NO_PIC = NO;
				GCC_NO_COMMON_BLOCKS = YES;
				GCC_OPTIMIZATION_LEVEL = 0;
				GCC_PREPROCESSOR_DEFINITIONS = (
					"DEBUG=1",
					"$(inherited)",
				);
				GCC_WARN_64_TO_32_BIT_CONVERSION = YES;
				GCC_WARN_ABOUT_RETURN_TYPE = YES_ERROR;
				GCC_WARN_UNDECLARED_SELECTOR = YES;
				GCC_WARN_UNINITIALIZED_AUTOS = YES_AGGRESSIVE;
				GCC_WARN_UNUSED_FUNCTION = YES;
				GCC_WARN_UNUSED_VARIABLE = YES;
				IPHONEOS_DEPLOYMENT_TARGET = 15.4;
				MTL_ENABLE_DEBUG_INFO = INCLUDE_SOURCE;
				MTL_FAST_MATH = YES;
				ONLY_ACTIVE_ARCH = YES;
				SDKROOT = iphoneos;
				SWIFT_ACTIVE_COMPILATION_CONDITIONS = DEBUG;
				SWIFT_OPTIMIZATION_LEVEL = "-Onone";
			};
			name = Debug;
		};
		7DB25B97282E649E0054589D /* Release */ = {
			isa = XCBuildConfiguration;
			buildSettings = {
				ALWAYS_SEARCH_USER_PATHS = NO;
				CLANG_ANALYZER_NONNULL = YES;
				CLANG_ANALYZER_NUMBER_OBJECT_CONVERSION = YES_AGGRESSIVE;
				CLANG_CXX_LANGUAGE_STANDARD = "gnu++17";
				CLANG_ENABLE_MODULES = YES;
				CLANG_ENABLE_OBJC_ARC = YES;
				CLANG_ENABLE_OBJC_WEAK = YES;
				CLANG_WARN_BLOCK_CAPTURE_AUTORELEASING = YES;
				CLANG_WARN_BOOL_CONVERSION = YES;
				CLANG_WARN_COMMA = YES;
				CLANG_WARN_CONSTANT_CONVERSION = YES;
				CLANG_WARN_DEPRECATED_OBJC_IMPLEMENTATIONS = YES;
				CLANG_WARN_DIRECT_OBJC_ISA_USAGE = YES_ERROR;
				CLANG_WARN_DOCUMENTATION_COMMENTS = YES;
				CLANG_WARN_EMPTY_BODY = YES;
				CLANG_WARN_ENUM_CONVERSION = YES;
				CLANG_WARN_INFINITE_RECURSION = YES;
				CLANG_WARN_INT_CONVERSION = YES;
				CLANG_WARN_NON_LITERAL_NULL_CONVERSION = YES;
				CLANG_WARN_OBJC_IMPLICIT_RETAIN_SELF = YES;
				CLANG_WARN_OBJC_LITERAL_CONVERSION = YES;
				CLANG_WARN_OBJC_ROOT_CLASS = YES_ERROR;
				CLANG_WARN_QUOTED_INCLUDE_IN_FRAMEWORK_HEADER = YES;
				CLANG_WARN_RANGE_LOOP_ANALYSIS = YES;
				CLANG_WARN_STRICT_PROTOTYPES = YES;
				CLANG_WARN_SUSPICIOUS_MOVE = YES;
				CLANG_WARN_UNGUARDED_AVAILABILITY = YES_AGGRESSIVE;
				CLANG_WARN_UNREACHABLE_CODE = YES;
				CLANG_WARN__DUPLICATE_METHOD_MATCH = YES;
				COPY_PHASE_STRIP = NO;
				DEBUG_INFORMATION_FORMAT = "dwarf-with-dsym";
				ENABLE_NS_ASSERTIONS = NO;
				ENABLE_STRICT_OBJC_MSGSEND = YES;
				GCC_C_LANGUAGE_STANDARD = gnu11;
				GCC_NO_COMMON_BLOCKS = YES;
				GCC_WARN_64_TO_32_BIT_CONVERSION = YES;
				GCC_WARN_ABOUT_RETURN_TYPE = YES_ERROR;
				GCC_WARN_UNDECLARED_SELECTOR = YES;
				GCC_WARN_UNINITIALIZED_AUTOS = YES_AGGRESSIVE;
				GCC_WARN_UNUSED_FUNCTION = YES;
				GCC_WARN_UNUSED_VARIABLE = YES;
				IPHONEOS_DEPLOYMENT_TARGET = 15.4;
				MTL_ENABLE_DEBUG_INFO = NO;
				MTL_FAST_MATH = YES;
				SDKROOT = iphoneos;
				SWIFT_COMPILATION_MODE = wholemodule;
				SWIFT_OPTIMIZATION_LEVEL = "-O";
				VALIDATE_PRODUCT = YES;
			};
			name = Release;
		};
		7DB25B99282E649E0054589D /* Debug */ = {
			isa = XCBuildConfiguration;
			buildSettings = {
				ASSETCATALOG_COMPILER_APPICON_NAME = AppIcon;
				ASSETCATALOG_COMPILER_GLOBAL_ACCENT_COLOR_NAME = AccentColor;
				CODE_SIGN_STYLE = Automatic;
				CURRENT_PROJECT_VERSION = 1;
				DEVELOPMENT_ASSET_PATHS = "\"Cessna/Preview Content\"";
				DEVELOPMENT_TEAM = KLBNXW7JUJ;
				ENABLE_PREVIEWS = YES;
				GENERATE_INFOPLIST_FILE = YES;
				INFOPLIST_FILE = Cessna/Info.plist;
				INFOPLIST_KEY_UIApplicationSceneManifest_Generation = YES;
				INFOPLIST_KEY_UIApplicationSupportsIndirectInputEvents = YES;
				INFOPLIST_KEY_UISupportedInterfaceOrientations_iPad = "UIInterfaceOrientationPortrait UIInterfaceOrientationPortraitUpsideDown UIInterfaceOrientationLandscapeLeft UIInterfaceOrientationLandscapeRight";
				INFOPLIST_KEY_UISupportedInterfaceOrientations_iPhone = "UIInterfaceOrientationPortrait UIInterfaceOrientationLandscapeLeft UIInterfaceOrientationLandscapeRight";
				LD_RUNPATH_SEARCH_PATHS = (
					"$(inherited)",
					"@executable_path/Frameworks",
				);
				MARKETING_VERSION = 1.0;
				PRODUCT_BUNDLE_IDENTIFIER = "fr172e.Recipe-List-App";
				PRODUCT_NAME = "$(TARGET_NAME)";
				SWIFT_EMIT_LOC_STRINGS = YES;
				SWIFT_VERSION = 5.0;
				TARGETED_DEVICE_FAMILY = "1,2";
			};
			name = Debug;
		};
		7DB25B9A282E649E0054589D /* Release */ = {
			isa = XCBuildConfiguration;
			buildSettings = {
				ASSETCATALOG_COMPILER_APPICON_NAME = AppIcon;
				ASSETCATALOG_COMPILER_GLOBAL_ACCENT_COLOR_NAME = AccentColor;
				CODE_SIGN_STYLE = Automatic;
				CURRENT_PROJECT_VERSION = 1;
				DEVELOPMENT_ASSET_PATHS = "\"Cessna/Preview Content\"";
				DEVELOPMENT_TEAM = KLBNXW7JUJ;
				ENABLE_PREVIEWS = YES;
				GENERATE_INFOPLIST_FILE = YES;
				INFOPLIST_FILE = Cessna/Info.plist;
				INFOPLIST_KEY_UIApplicationSceneManifest_Generation = YES;
				INFOPLIST_KEY_UIApplicationSupportsIndirectInputEvents = YES;
				INFOPLIST_KEY_UISupportedInterfaceOrientations_iPad = "UIInterfaceOrientationPortrait UIInterfaceOrientationPortraitUpsideDown UIInterfaceOrientationLandscapeLeft UIInterfaceOrientationLandscapeRight";
				INFOPLIST_KEY_UISupportedInterfaceOrientations_iPhone = "UIInterfaceOrientationPortrait UIInterfaceOrientationLandscapeLeft UIInterfaceOrientationLandscapeRight";
				LD_RUNPATH_SEARCH_PATHS = (
					"$(inherited)",
					"@executable_path/Frameworks",
				);
				MARKETING_VERSION = 1.0;
				PRODUCT_BUNDLE_IDENTIFIER = "fr172e.Recipe-List-App";
				PRODUCT_NAME = "$(TARGET_NAME)";
				SWIFT_EMIT_LOC_STRINGS = YES;
				SWIFT_VERSION = 5.0;
				TARGETED_DEVICE_FAMILY = "1,2";
			};
			name = Release;
		};
/* End XCBuildConfiguration section */

/* Begin XCConfigurationList section */
		7DB25B85282E649B0054589D /* Build configuration list for PBXProject "Cessna" */ = {
			isa = XCConfigurationList;
			buildConfigurations = (
				7DB25B96282E649E0054589D /* Debug */,
				7DB25B97282E649E0054589D /* Release */,
			);
			defaultConfigurationIsVisible = 0;
			defaultConfigurationName = Release;
		};
		7DB25B98282E649E0054589D /* Build configuration list for PBXNativeTarget "Cessna" */ = {
			isa = XCConfigurationList;
			buildConfigurations = (
				7DB25B99282E649E0054589D /* Debug */,
				7DB25B9A282E649E0054589D /* Release */,
			);
			defaultConfigurationIsVisible = 0;
			defaultConfigurationName = Release;
		};
/* End XCConfigurationList section */
	};
	rootObject = 7DB25B82282E649B0054589D /* Project object */;
}
